
Microsoft Visual Studio Solution File, Format Version 12.00
# Visual Studio Version 16
VisualStudioVersion = 16.0.31005.135
MinimumVisualStudioVersion = 10.0.40219.1
Project("{9A19103F-16F7-4668-BE54-9A1E7A4F7556}") = "SimpleMath", "SimpleMath.csproj", "{4C11607E-B514-4A18-9ED1-767E07AD39FE}"
EndProject
Global
	GlobalSection(SolutionConfigurationPlatforms) = preSolution
		Debug|Any CPU = Debug|Any CPU
		Release|Any CPU = Release|Any CPU
	EndGlobalSection
	GlobalSection(ProjectConfigurationPlatforms) = postSolution
		{4C11607E-B514-4A18-9ED1-767E07AD39FE}.Debug|Any CPU.ActiveCfg = Debug|Any CPU
		{4C11607E-B514-4A18-9ED1-767E07AD39FE}.Debug|Any CPU.Build.0 = Debug|Any CPU
		{4C11607E-B514-4A18-9ED1-767E07AD39FE}.Release|Any CPU.ActiveCfg = Release|Any CPU
		{4C11607E-B514-4A18-9ED1-767E07AD39FE}.Release|Any CPU.Build.0 = Release|Any CPU
	EndGlobalSection
	GlobalSection(SolutionProperties) = preSolution
		HideSolutionNode = FALSE
	EndGlobalSection
	GlobalSection(ExtensibilityGlobals) = postSolution
		SolutionGuid = {A1A0BF28-EB81-4C75-BC11-6D0A58F043AD}
	EndGlobalSection
EndGlobal
